// !$*UTF8*$!
{
	archiveVersion = 1;
	classes = {
	};
	objectVersion = 56;
	objects = {

/* Begin PBXBuildFile section */
		3D26A703296785C6003A0E55 /* MOCollectionViewCellNowPlaying.swift in Sources */ = {isa = PBXBuildFile; fileRef = 3D26A702296785C6003A0E55 /* MOCollectionViewCellNowPlaying.swift */; };
		3D26A7052967894B003A0E55 /* FilmModel.swift in Sources */ = {isa = PBXBuildFile; fileRef = 3D26A7042967894B003A0E55 /* FilmModel.swift */; };
		3D3DD69F2967070200733A46 /* AppDelegate.swift in Sources */ = {isa = PBXBuildFile; fileRef = 3D3DD69E2967070200733A46 /* AppDelegate.swift */; };
		3D3DD6A12967070200733A46 /* SceneDelegate.swift in Sources */ = {isa = PBXBuildFile; fileRef = 3D3DD6A02967070200733A46 /* SceneDelegate.swift */; };
		3D3DD6A32967070200733A46 /* ViewController.swift in Sources */ = {isa = PBXBuildFile; fileRef = 3D3DD6A22967070200733A46 /* ViewController.swift */; };
		3D3DD6A62967070200733A46 /* Main.storyboard in Resources */ = {isa = PBXBuildFile; fileRef = 3D3DD6A42967070200733A46 /* Main.storyboard */; };
		3D3DD6A82967070300733A46 /* Assets.xcassets in Resources */ = {isa = PBXBuildFile; fileRef = 3D3DD6A72967070300733A46 /* Assets.xcassets */; };
		3D3DD6AB2967070300733A46 /* LaunchScreen.storyboard in Resources */ = {isa = PBXBuildFile; fileRef = 3D3DD6A92967070300733A46 /* LaunchScreen.storyboard */; };
		3D8FB2CB2968A70100D51740 /* MOCollectionViewCellPopular.swift in Sources */ = {isa = PBXBuildFile; fileRef = 3D8FB2CA2968A70100D51740 /* MOCollectionViewCellPopular.swift */; };
/* End PBXBuildFile section */

/* Begin PBXFileReference section */
		3D26A702296785C6003A0E55 /* MOCollectionViewCellNowPlaying.swift */ = {isa = PBXFileReference; lastKnownFileType = sourcecode.swift; path = MOCollectionViewCellNowPlaying.swift; sourceTree = "<group>"; };
		3D26A7042967894B003A0E55 /* FilmModel.swift */ = {isa = PBXFileReference; lastKnownFileType = sourcecode.swift; path = FilmModel.swift; sourceTree = "<group>"; };
		3D3DD69B2967070200733A46 /* MoieApp.app */ = {isa = PBXFileReference; explicitFileType = wrapper.application; includeInIndex = 0; path = MoieApp.app; sourceTree = BUILT_PRODUCTS_DIR; };
		3D3DD69E2967070200733A46 /* AppDelegate.swift */ = {isa = PBXFileReference; lastKnownFileType = sourcecode.swift; path = AppDelegate.swift; sourceTree = "<group>"; };
		3D3DD6A02967070200733A46 /* SceneDelegate.swift */ = {isa = PBXFileReference; lastKnownFileType = sourcecode.swift; path = SceneDelegate.swift; sourceTree = "<group>"; };
		3D3DD6A22967070200733A46 /* ViewController.swift */ = {isa = PBXFileReference; lastKnownFileType = sourcecode.swift; path = ViewController.swift; sourceTree = "<group>"; };
		3D3DD6A52967070200733A46 /* Base */ = {isa = PBXFileReference; lastKnownFileType = file.storyboard; name = Base; path = Base.lproj/Main.storyboard; sourceTree = "<group>"; };
		3D3DD6A72967070300733A46 /* Assets.xcassets */ = {isa = PBXFileReference; lastKnownFileType = folder.assetcatalog; path = Assets.xcassets; sourceTree = "<group>"; };
		3D3DD6AA2967070300733A46 /* Base */ = {isa = PBXFileReference; lastKnownFileType = file.storyboard; name = Base; path = Base.lproj/LaunchScreen.storyboard; sourceTree = "<group>"; };
		3D3DD6AC2967070300733A46 /* Info.plist */ = {isa = PBXFileReference; lastKnownFileType = text.plist.xml; path = Info.plist; sourceTree = "<group>"; };
		3D8FB2CA2968A70100D51740 /* MOCollectionViewCellPopular.swift */ = {isa = PBXFileReference; lastKnownFileType = sourcecode.swift; path = MOCollectionViewCellPopular.swift; sourceTree = "<group>"; };
/* End PBXFileReference section */

/* Begin PBXFrameworksBuildPhase section */
		3D3DD6982967070200733A46 /* Frameworks */ = {
			isa = PBXFrameworksBuildPhase;
			buildActionMask = 2147483647;
			files = (
			);
			runOnlyForDeploymentPostprocessing = 0;
		};
/* End PBXFrameworksBuildPhase section */

/* Begin PBXGroup section */
		3D3DD6922967070200733A46 = {
			isa = PBXGroup;
			children = (
				3D3DD69D2967070200733A46 /* MoieApp */,
				3D3DD69C2967070200733A46 /* Products */,
			);
			sourceTree = "<group>";
		};
		3D3DD69C2967070200733A46 /* Products */ = {
			isa = PBXGroup;
			children = (
				3D3DD69B2967070200733A46 /* MoieApp.app */,
			);
			name = Products;
			sourceTree = "<group>";
		};
		3D3DD69D2967070200733A46 /* MoieApp */ = {
			isa = PBXGroup;
			children = (
				3DBFA8592967075400427BBF /* Resources */,
				3DBFA85F296707AE00427BBF /* Controllers */,
				3DBFA85E2967079800427BBF /* Models */,
				3DBFA85D2967078F00427BBF /* ViewModels */,
				3DBFA85C2967078700427BBF /* Views */,
				3DBFA85B2967077300427BBF /* ApiClient */,
				3DBFA85A2967076300427BBF /* Managers */,
				3D3DD6A22967070200733A46 /* ViewController.swift */,
				3D3DD6A42967070200733A46 /* Main.storyboard */,
				3D3DD6AC2967070300733A46 /* Info.plist */,
			);
			path = MoieApp;
			sourceTree = "<group>";
		};
		3DBFA8592967075400427BBF /* Resources */ = {
			isa = PBXGroup;
			children = (
				3D3DD69E2967070200733A46 /* AppDelegate.swift */,
				3D3DD6A02967070200733A46 /* SceneDelegate.swift */,
				3D3DD6A72967070300733A46 /* Assets.xcassets */,
				3D3DD6A92967070300733A46 /* LaunchScreen.storyboard */,
			);
			path = Resources;
			sourceTree = "<group>";
		};
		3DBFA85A2967076300427BBF /* Managers */ = {
			isa = PBXGroup;
			children = (
			);
			path = Managers;
			sourceTree = "<group>";
		};
		3DBFA85B2967077300427BBF /* ApiClient */ = {
			isa = PBXGroup;
			children = (
			);
			path = ApiClient;
			sourceTree = "<group>";
		};
		3DBFA85C2967078700427BBF /* Views */ = {
			isa = PBXGroup;
			children = (
				3D26A702296785C6003A0E55 /* MOCollectionViewCellNowPlaying.swift */,
				3D8FB2CA2968A70100D51740 /* MOCollectionViewCellPopular.swift */,
			);
			path = Views;
			sourceTree = "<group>";
		};
		3DBFA85D2967078F00427BBF /* ViewModels */ = {
			isa = PBXGroup;
			children = (
			);
			path = ViewModels;
			sourceTree = "<group>";
		};
		3DBFA85E2967079800427BBF /* Models */ = {
			isa = PBXGroup;
			children = (
				3D26A7042967894B003A0E55 /* FilmModel.swift */,
			);
			path = Models;
			sourceTree = "<group>";
		};
		3DBFA85F296707AE00427BBF /* Controllers */ = {
			isa = PBXGroup;
			children = (
			);
			path = Controllers;
			sourceTree = "<group>";
		};
/* End PBXGroup section */

/* Begin PBXNativeTarget section */
		3D3DD69A2967070200733A46 /* MoieApp */ = {
			isa = PBXNativeTarget;
			buildConfigurationList = 3D3DD6AF2967070300733A46 /* Build configuration list for PBXNativeTarget "MoieApp" */;
			buildPhases = (
				3D3DD6972967070200733A46 /* Sources */,
				3D3DD6982967070200733A46 /* Frameworks */,
				3D3DD6992967070200733A46 /* Resources */,
			);
			buildRules = (
			);
			dependencies = (
			);
			name = MoieApp;
			productName = MoieApp;
			productReference = 3D3DD69B2967070200733A46 /* MoieApp.app */;
			productType = "com.apple.product-type.application";
		};
/* End PBXNativeTarget section */

/* Begin PBXProject section */
		3D3DD6932967070200733A46 /* Project object */ = {
			isa = PBXProject;
			attributes = {
				BuildIndependentTargetsInParallel = 1;
				LastSwiftUpdateCheck = 1420;
				LastUpgradeCheck = 1420;
				TargetAttributes = {
					3D3DD69A2967070200733A46 = {
						CreatedOnToolsVersion = 14.2;
					};
				};
			};
			buildConfigurationList = 3D3DD6962967070200733A46 /* Build configuration list for PBXProject "MoieApp" */;
			compatibilityVersion = "Xcode 14.0";
			developmentRegion = en;
			hasScannedForEncodings = 0;
			knownRegions = (
				en,
				Base,
			);
			mainGroup = 3D3DD6922967070200733A46;
			productRefGroup = 3D3DD69C2967070200733A46 /* Products */;
			projectDirPath = "";
			projectRoot = "";
			targets = (
				3D3DD69A2967070200733A46 /* MoieApp */,
			);
		};
/* End PBXProject section */

/* Begin PBXResourcesBuildPhase section */
		3D3DD6992967070200733A46 /* Resources */ = {
			isa = PBXResourcesBuildPhase;
			buildActionMask = 2147483647;
			files = (
				3D3DD6AB2967070300733A46 /* LaunchScreen.storyboard in Resources */,
				3D3DD6A82967070300733A46 /* Assets.xcassets in Resources */,
				3D3DD6A62967070200733A46 /* Main.storyboard in Resources */,
			);
			runOnlyForDeploymentPostprocessing = 0;
		};
/* End PBXResourcesBuildPhase section */

/* Begin PBXSourcesBuildPhase section */
		3D3DD6972967070200733A46 /* Sources */ = {
			isa = PBXSourcesBuildPhase;
			buildActionMask = 2147483647;
			files = (
				3D8FB2CB2968A70100D51740 /* MOCollectionViewCellPopular.swift in Sources */,
				3D3DD6A32967070200733A46 /* ViewController.swift in Sources */,
				3D3DD69F2967070200733A46 /* AppDelegate.swift in Sources */,
				3D26A7052967894B003A0E55 /* FilmModel.swift in Sources */,
				3D26A703296785C6003A0E55 /* MOCollectionViewCellNowPlaying.swift in Sources */,
				3D3DD6A12967070200733A46 /* SceneDelegate.swift in Sources */,
			);
			runOnlyForDeploymentPostprocessing = 0;
		};
/* End PBXSourcesBuildPhase section */

/* Begin PBXVariantGroup section */
		3D3DD6A42967070200733A46 /* Main.storyboard */ = {
			isa = PBXVariantGroup;
			children = (
				3D3DD6A52967070200733A46 /* Base */,
			);
			name = Main.storyboard;
			sourceTree = "<group>";
		};
		3D3DD6A92967070300733A46 /* LaunchScreen.storyboard */ = {
			isa = PBXVariantGroup;
			children = (
				3D3DD6AA2967070300733A46 /* Base */,
			);
			name = LaunchScreen.storyboard;
			sourceTree = "<group>";
		};
/* End PBXVariantGroup section */

/* Begin XCBuildConfiguration section */
		3D3DD6AD2967070300733A46 /* Debug */ = {
			isa = XCBuildConfiguration;
			buildSettings = {
				ALWAYS_SEARCH_USER_PATHS = NO;
				CLANG_ANALYZER_NONNULL = YES;
				CLANG_ANALYZER_NUMBER_OBJECT_CONVERSION = YES_AGGRESSIVE;
				CLANG_CXX_LANGUAGE_STANDARD = "gnu++20";
				CLANG_ENABLE_MODULES = YES;
				CLANG_ENABLE_OBJC_ARC = YES;
				CLANG_ENABLE_OBJC_WEAK = YES;
				CLANG_WARN_BLOCK_CAPTURE_AUTORELEASING = YES;
				CLANG_WARN_BOOL_CONVERSION = YES;
				CLANG_WARN_COMMA = YES;
				CLANG_WARN_CONSTANT_CONVERSION = YES;
				CLANG_WARN_DEPRECATED_OBJC_IMPLEMENTATIONS = YES;
				CLANG_WARN_DIRECT_OBJC_ISA_USAGE = YES_ERROR;
				CLANG_WARN_DOCUMENTATION_COMMENTS = YES;
				CLANG_WARN_EMPTY_BODY = YES;
				CLANG_WARN_ENUM_CONVERSION = YES;
				CLANG_WARN_INFINITE_RECURSION = YES;
				CLANG_WARN_INT_CONVERSION = YES;
				CLANG_WARN_NON_LITERAL_NULL_CONVERSION = YES;
				CLANG_WARN_OBJC_IMPLICIT_RETAIN_SELF = YES;
				CLANG_WARN_OBJC_LITERAL_CONVERSION = YES;
				CLANG_WARN_OBJC_ROOT_CLASS = YES_ERROR;
				CLANG_WARN_QUOTED_INCLUDE_IN_FRAMEWORK_HEADER = YES;
				CLANG_WARN_RANGE_LOOP_ANALYSIS = YES;
				CLANG_WARN_STRICT_PROTOTYPES = YES;
				CLANG_WARN_SUSPICIOUS_MOVE = YES;
				CLANG_WARN_UNGUARDED_AVAILABILITY = YES_AGGRESSIVE;
				CLANG_WARN_UNREACHABLE_CODE = YES;
				CLANG_WARN__DUPLICATE_METHOD_MATCH = YES;
				COPY_PHASE_STRIP = NO;
				DEBUG_INFORMATION_FORMAT = dwarf;
				ENABLE_STRICT_OBJC_MSGSEND = YES;
				ENABLE_TESTABILITY = YES;
				GCC_C_LANGUAGE_STANDARD = gnu11;
				GCC_DYNAMIC_NO_PIC = NO;
				GCC_NO_COMMON_BLOCKS = YES;
				GCC_OPTIMIZATION_LEVEL = 0;
				GCC_PREPROCESSOR_DEFINITIONS = (
					"DEBUG=1",
					"$(inherited)",
				);
				GCC_WARN_64_TO_32_BIT_CONVERSION = YES;
				GCC_WARN_ABOUT_RETURN_TYPE = YES_ERROR;
				GCC_WARN_UNDECLARED_SELECTOR = YES;
				GCC_WARN_UNINITIALIZED_AUTOS = YES_AGGRESSIVE;
				GCC_WARN_UNUSED_FUNCTION = YES;
				GCC_WARN_UNUSED_VARIABLE = YES;
				IPHONEOS_DEPLOYMENT_TARGET = 16.2;
				MTL_ENABLE_DEBUG_INFO = INCLUDE_SOURCE;
				MTL_FAST_MATH = YES;
				ONLY_ACTIVE_ARCH = YES;
				SDKROOT = iphoneos;
				SWIFT_ACTIVE_COMPILATION_CONDITIONS = DEBUG;
				SWIFT_OPTIMIZATION_LEVEL = "-Onone";
			};
			name = Debug;
		};
		3D3DD6AE2967070300733A46 /* Release */ = {
			isa = XCBuildConfiguration;
			buildSettings = {
				ALWAYS_SEARCH_USER_PATHS = NO;
				CLANG_ANALYZER_NONNULL = YES;
				CLANG_ANALYZER_NUMBER_OBJECT_CONVERSION = YES_AGGRESSIVE;
				CLANG_CXX_LANGUAGE_STANDARD = "gnu++20";
				CLANG_ENABLE_MODULES = YES;
				CLANG_ENABLE_OBJC_ARC = YES;
				CLANG_ENABLE_OBJC_WEAK = YES;
				CLANG_WARN_BLOCK_CAPTURE_AUTORELEASING = YES;
				CLANG_WARN_BOOL_CONVERSION = YES;
				CLANG_WARN_COMMA = YES;
				CLANG_WARN_CONSTANT_CONVERSION = YES;
				CLANG_WARN_DEPRECATED_OBJC_IMPLEMENTATIONS = YES;
				CLANG_WARN_DIRECT_OBJC_ISA_USAGE = YES_ERROR;
				CLANG_WARN_DOCUMENTATION_COMMENTS = YES;
				CLANG_WARN_EMPTY_BODY = YES;
				CLANG_WARN_ENUM_CONVERSION = YES;
				CLANG_WARN_INFINITE_RECURSION = YES;
				CLANG_WARN_INT_CONVERSION = YES;
				CLANG_WARN_NON_LITERAL_NULL_CONVERSION = YES;
				CLANG_WARN_OBJC_IMPLICIT_RETAIN_SELF = YES;
				CLANG_WARN_OBJC_LITERAL_CONVERSION = YES;
				CLANG_WARN_OBJC_ROOT_CLASS = YES_ERROR;
				CLANG_WARN_QUOTED_INCLUDE_IN_FRAMEWORK_HEADER = YES;
				CLANG_WARN_RANGE_LOOP_ANALYSIS = YES;
				CLANG_WARN_STRICT_PROTOTYPES = YES;
				CLANG_WARN_SUSPICIOUS_MOVE = YES;
				CLANG_WARN_UNGUARDED_AVAILABILITY = YES_AGGRESSIVE;
				CLANG_WARN_UNREACHABLE_CODE = YES;
				CLANG_WARN__DUPLICATE_METHOD_MATCH = YES;
				COPY_PHASE_STRIP = NO;
				DEBUG_INFORMATION_FORMAT = "dwarf-with-dsym";
				ENABLE_NS_ASSERTIONS = NO;
				ENABLE_STRICT_OBJC_MSGSEND = YES;
				GCC_C_LANGUAGE_STANDARD = gnu11;
				GCC_NO_COMMON_BLOCKS = YES;
				GCC_WARN_64_TO_32_BIT_CONVERSION = YES;
				GCC_WARN_ABOUT_RETURN_TYPE = YES_ERROR;
				GCC_WARN_UNDECLARED_SELECTOR = YES;
				GCC_WARN_UNINITIALIZED_AUTOS = YES_AGGRESSIVE;
				GCC_WARN_UNUSED_FUNCTION = YES;
				GCC_WARN_UNUSED_VARIABLE = YES;
				IPHONEOS_DEPLOYMENT_TARGET = 16.2;
				MTL_ENABLE_DEBUG_INFO = NO;
				MTL_FAST_MATH = YES;
				SDKROOT = iphoneos;
				SWIFT_COMPILATION_MODE = wholemodule;
				SWIFT_OPTIMIZATION_LEVEL = "-O";
				VALIDATE_PRODUCT = YES;
			};
			name = Release;
		};
		3D3DD6B02967070300733A46 /* Debug */ = {
			isa = XCBuildConfiguration;
			buildSettings = {
				ASSETCATALOG_COMPILER_APPICON_NAME = AppIcon;
				ASSETCATALOG_COMPILER_GLOBAL_ACCENT_COLOR_NAME = AccentColor;
				CODE_SIGN_STYLE = Automatic;
				CURRENT_PROJECT_VERSION = 1;
				DEVELOPMENT_TEAM = 736439KKK6;
				GENERATE_INFOPLIST_FILE = YES;
				INFOPLIST_FILE = MoieApp/Info.plist;
				INFOPLIST_KEY_UIApplicationSupportsIndirectInputEvents = YES;
				INFOPLIST_KEY_UILaunchStoryboardName = LaunchScreen;
				INFOPLIST_KEY_UIMainStoryboardFile = Main;
				INFOPLIST_KEY_UISupportedInterfaceOrientations_iPad = "UIInterfaceOrientationPortrait UIInterfaceOrientationPortraitUpsideDown UIInterfaceOrientationLandscapeLeft UIInterfaceOrientationLandscapeRight";
				INFOPLIST_KEY_UISupportedInterfaceOrientations_iPhone = "UIInterfaceOrientationPortrait UIInterfaceOrientationLandscapeLeft UIInterfaceOrientationLandscapeRight";
				LD_RUNPATH_SEARCH_PATHS = (
					"$(inherited)",
					"@executable_path/Frameworks",
				);
				MARKETING_VERSION = 1.0;
				PRODUCT_BUNDLE_IDENTIFIER = com.fatihdurdu.MoieApp;
				PRODUCT_NAME = "$(TARGET_NAME)";
				SWIFT_EMIT_LOC_STRINGS = YES;
				SWIFT_VERSION = 5.0;
				TARGETED_DEVICE_FAMILY = "1,2";
			};
			name = Debug;
		};
		3D3DD6B12967070300733A46 /* Release */ = {
			isa = XCBuildConfiguration;
			buildSettings = {
				ASSETCATALOG_COMPILER_APPICON_NAME = AppIcon;
				ASSETCATALOG_COMPILER_GLOBAL_ACCENT_COLOR_NAME = AccentColor;
				CODE_SIGN_STYLE = Automatic;
				CURRENT_PROJECT_VERSION = 1;
				DEVELOPMENT_TEAM = 736439KKK6;
				GENERATE_INFOPLIST_FILE = YES;
				INFOPLIST_FILE = MoieApp/Info.plist;
				INFOPLIST_KEY_UIApplicationSupportsIndirectInputEvents = YES;
				INFOPLIST_KEY_UILaunchStoryboardName = LaunchScreen;
				INFOPLIST_KEY_UIMainStoryboardFile = Main;
				INFOPLIST_KEY_UISupportedInterfaceOrientations_iPad = "UIInterfaceOrientationPortrait UIInterfaceOrientationPortraitUpsideDown UIInterfaceOrientationLandscapeLeft UIInterfaceOrientationLandscapeRight";
				INFOPLIST_KEY_UISupportedInterfaceOrientations_iPhone = "UIInterfaceOrientationPortrait UIInterfaceOrientationLandscapeLeft UIInterfaceOrientationLandscapeRight";
				LD_RUNPATH_SEARCH_PATHS = (
					"$(inherited)",
					"@executable_path/Frameworks",
				);
				MARKETING_VERSION = 1.0;
				PRODUCT_BUNDLE_IDENTIFIER = com.fatihdurdu.MoieApp;
				PRODUCT_NAME = "$(TARGET_NAME)";
				SWIFT_EMIT_LOC_STRINGS = YES;
				SWIFT_VERSION = 5.0;
				TARGETED_DEVICE_FAMILY = "1,2";
			};
			name = Release;
		};
/* End XCBuildConfiguration section */

/* Begin XCConfigurationList section */
		3D3DD6962967070200733A46 /* Build configuration list for PBXProject "MoieApp" */ = {
			isa = XCConfigurationList;
			buildConfigurations = (
				3D3DD6AD2967070300733A46 /* Debug */,
				3D3DD6AE2967070300733A46 /* Release */,
			);
			defaultConfigurationIsVisible = 0;
			defaultConfigurationName = Release;
		};
		3D3DD6AF2967070300733A46 /* Build configuration list for PBXNativeTarget "MoieApp" */ = {
			isa = XCConfigurationList;
			buildConfigurations = (
				3D3DD6B02967070300733A46 /* Debug */,
				3D3DD6B12967070300733A46 /* Release */,
			);
			defaultConfigurationIsVisible = 0;
			defaultConfigurationName = Release;
		};
/* End XCConfigurationList section */
	};
	rootObject = 3D3DD6932967070200733A46 /* Project object */;
}
